
Microsoft Visual Studio Solution File, Format Version 12.00
# Visual Studio Version 17
VisualStudioVersion = 17.5.002.0
MinimumVisualStudioVersion = 10.0.40219.1
Project("{9A19103F-16F7-4668-BE54-9A1E7A4F7556}") = "DesafioFundamentos", "DesafioFundamentos\DesafioFundamentos.csproj", "{8C9BE6DA-F827-4C25-AB1F-D5E3538AC765}"
EndProject
Global
	GlobalSection(SolutionConfigurationPlatforms) = preSolution
		Debug|Any CPU = Debug|Any CPU
		Release|Any CPU = Release|Any CPU
	EndGlobalSection
	GlobalSection(ProjectConfigurationPlatforms) = postSolution
		{8C9BE6DA-F827-4C25-AB1F-D5E3538AC765}.Debug|Any CPU.ActiveCfg = Debug|Any CPU
		{8C9BE6DA-F827-4C25-AB1F-D5E3538AC765}.Debug|Any CPU.Build.0 = Debug|Any CPU
		{8C9BE6DA-F827-4C25-AB1F-D5E3538AC765}.Release|Any CPU.ActiveCfg = Release|Any CPU
		{8C9BE6DA-F827-4C25-AB1F-D5E3538AC765}.Release|Any CPU.Build.0 = Release|Any CPU
	EndGlobalSection
	GlobalSection(SolutionProperties) = preSolution
		HideSolutionNode = FALSE
	EndGlobalSection
	GlobalSection(ExtensibilityGlobals) = postSolution
		SolutionGuid = {316CB927-BF70-456A-883D-84A1410FA1A5}
	EndGlobalSection
EndGlobal
